
Microsoft Visual Studio Solution File, Format Version 12.00
# Visual Studio Version 16
VisualStudioVersion = 16.0.30114.105
MinimumVisualStudioVersion = 10.0.40219.1
Project("{FAE04EC0-301F-11D3-BF4B-00C04F79EFBC}") = "BlackJack1M", "BlackJack1M\BlackJack1M.csproj", "{467459AE-F151-4B12-93D8-F02A103B586F}"
EndProject
Project("{2150E333-8FDC-42A3-9474-1A3956D46DE8}") = "Solution Items", "Solution Items", "{ED3F5A94-ED92-47D3-8823-3BE1303F0698}"
	ProjectSection(SolutionItems) = preProject
		ReadMe.md = ReadMe.md
	EndProjectSection
EndProject
Global
	GlobalSection(SolutionConfigurationPlatforms) = preSolution
		Debug|Any CPU = Debug|Any CPU
		Release|Any CPU = Release|Any CPU
	EndGlobalSection
	GlobalSection(ProjectConfigurationPlatforms) = postSolution
		{467459AE-F151-4B12-93D8-F02A103B586F}.Debug|Any CPU.ActiveCfg = Debug|Any CPU
		{467459AE-F151-4B12-93D8-F02A103B586F}.Debug|Any CPU.Build.0 = Debug|Any CPU
		{467459AE-F151-4B12-93D8-F02A103B586F}.Release|Any CPU.ActiveCfg = Release|Any CPU
		{467459AE-F151-4B12-93D8-F02A103B586F}.Release|Any CPU.Build.0 = Release|Any CPU
	EndGlobalSection
	GlobalSection(SolutionProperties) = preSolution
		HideSolutionNode = FALSE
	EndGlobalSection
	GlobalSection(ExtensibilityGlobals) = postSolution
		SolutionGuid = {010E0D1C-84F7-4733-BA0B-E465DF943BBE}
	EndGlobalSection
EndGlobal
